// !$*UTF8*$!
{
	archiveVersion = 1;
	classes = {
	};
	objectVersion = 46;
	objects = {

/* Begin PBXBuildFile section */
		531FD75E1D0AEAB400645DC4 /* AppDelegate.swift in Sources */ = {isa = PBXBuildFile; fileRef = 531FD75D1D0AEAB400645DC4 /* AppDelegate.swift */; };
		531FD7601D0AEAB400645DC4 /* ViewController.swift in Sources */ = {isa = PBXBuildFile; fileRef = 531FD75F1D0AEAB400645DC4 /* ViewController.swift */; };
		531FD7631D0AEAB400645DC4 /* Main.storyboard in Resources */ = {isa = PBXBuildFile; fileRef = 531FD7611D0AEAB400645DC4 /* Main.storyboard */; };
		531FD7651D0AEAB400645DC4 /* Assets.xcassets in Resources */ = {isa = PBXBuildFile; fileRef = 531FD7641D0AEAB400645DC4 /* Assets.xcassets */; };
		531FD7681D0AEAB400645DC4 /* LaunchScreen.storyboard in Resources */ = {isa = PBXBuildFile; fileRef = 531FD7661D0AEAB400645DC4 /* LaunchScreen.storyboard */; };
		531FD7731D0AEAB400645DC4 /* calculatorTests.swift in Sources */ = {isa = PBXBuildFile; fileRef = 531FD7721D0AEAB400645DC4 /* calculatorTests.swift */; };
		531FD77E1D0AEAB400645DC4 /* calculatorUITests.swift in Sources */ = {isa = PBXBuildFile; fileRef = 531FD77D1D0AEAB400645DC4 /* calculatorUITests.swift */; };
		531FD78C1D0AF2A200645DC4 /* CalculatorBrain.swift in Sources */ = {isa = PBXBuildFile; fileRef = 531FD78B1D0AF2A200645DC4 /* CalculatorBrain.swift */; };
/* End PBXBuildFile section */

/* Begin PBXContainerItemProxy section */
		531FD76F1D0AEAB400645DC4 /* PBXContainerItemProxy */ = {
			isa = PBXContainerItemProxy;
			containerPortal = 531FD7521D0AEAB400645DC4 /* Project object */;
			proxyType = 1;
			remoteGlobalIDString = 531FD7591D0AEAB400645DC4;
			remoteInfo = calculator;
		};
		531FD77A1D0AEAB400645DC4 /* PBXContainerItemProxy */ = {
			isa = PBXContainerItemProxy;
			containerPortal = 531FD7521D0AEAB400645DC4 /* Project object */;
			proxyType = 1;
			remoteGlobalIDString = 531FD7591D0AEAB400645DC4;
			remoteInfo = calculator;
		};
/* End PBXContainerItemProxy section */

/* Begin PBXFileReference section */
		531FD75A1D0AEAB400645DC4 /* calculator.app */ = {isa = PBXFileReference; explicitFileType = wrapper.application; includeInIndex = 0; path = calculator.app; sourceTree = BUILT_PRODUCTS_DIR; };
		531FD75D1D0AEAB400645DC4 /* AppDelegate.swift */ = {isa = PBXFileReference; lastKnownFileType = sourcecode.swift; path = AppDelegate.swift; sourceTree = "<group>"; };
		531FD75F1D0AEAB400645DC4 /* ViewController.swift */ = {isa = PBXFileReference; lastKnownFileType = sourcecode.swift; path = ViewController.swift; sourceTree = "<group>"; };
		531FD7621D0AEAB400645DC4 /* Base */ = {isa = PBXFileReference; lastKnownFileType = file.storyboard; name = Base; path = Base.lproj/Main.storyboard; sourceTree = "<group>"; };
		531FD7641D0AEAB400645DC4 /* Assets.xcassets */ = {isa = PBXFileReference; lastKnownFileType = folder.assetcatalog; path = Assets.xcassets; sourceTree = "<group>"; };
		531FD7671D0AEAB400645DC4 /* Base */ = {isa = PBXFileReference; lastKnownFileType = file.storyboard; name = Base; path = Base.lproj/LaunchScreen.storyboard; sourceTree = "<group>"; };
		531FD7691D0AEAB400645DC4 /* Info.plist */ = {isa = PBXFileReference; lastKnownFileType = text.plist.xml; path = Info.plist; sourceTree = "<group>"; };
		531FD76E1D0AEAB400645DC4 /* calculatorTests.xctest */ = {isa = PBXFileReference; explicitFileType = wrapper.cfbundle; includeInIndex = 0; path = calculatorTests.xctest; sourceTree = BUILT_PRODUCTS_DIR; };
		531FD7721D0AEAB400645DC4 /* calculatorTests.swift */ = {isa = PBXFileReference; lastKnownFileType = sourcecode.swift; path = calculatorTests.swift; sourceTree = "<group>"; };
		531FD7741D0AEAB400645DC4 /* Info.plist */ = {isa = PBXFileReference; lastKnownFileType = text.plist.xml; path = Info.plist; sourceTree = "<group>"; };
		531FD7791D0AEAB400645DC4 /* calculatorUITests.xctest */ = {isa = PBXFileReference; explicitFileType = wrapper.cfbundle; includeInIndex = 0; path = calculatorUITests.xctest; sourceTree = BUILT_PRODUCTS_DIR; };
		531FD77D1D0AEAB400645DC4 /* calculatorUITests.swift */ = {isa = PBXFileReference; lastKnownFileType = sourcecode.swift; path = calculatorUITests.swift; sourceTree = "<group>"; };
		531FD77F1D0AEAB400645DC4 /* Info.plist */ = {isa = PBXFileReference; lastKnownFileType = text.plist.xml; path = Info.plist; sourceTree = "<group>"; };
		531FD78B1D0AF2A200645DC4 /* CalculatorBrain.swift */ = {isa = PBXFileReference; fileEncoding = 4; lastKnownFileType = sourcecode.swift; path = CalculatorBrain.swift; sourceTree = "<group>"; };
/* End PBXFileReference section */

/* Begin PBXFrameworksBuildPhase section */
		531FD7571D0AEAB400645DC4 /* Frameworks */ = {
			isa = PBXFrameworksBuildPhase;
			buildActionMask = 2147483647;
			files = (
			);
			runOnlyForDeploymentPostprocessing = 0;
		};
		531FD76B1D0AEAB400645DC4 /* Frameworks */ = {
			isa = PBXFrameworksBuildPhase;
			buildActionMask = 2147483647;
			files = (
			);
			runOnlyForDeploymentPostprocessing = 0;
		};
		531FD7761D0AEAB400645DC4 /* Frameworks */ = {
			isa = PBXFrameworksBuildPhase;
			buildActionMask = 2147483647;
			files = (
			);
			runOnlyForDeploymentPostprocessing = 0;
		};
/* End PBXFrameworksBuildPhase section */

/* Begin PBXGroup section */
		531FD7511D0AEAB400645DC4 = {
			isa = PBXGroup;
			children = (
				531FD75C1D0AEAB400645DC4 /* calculator */,
				531FD7711D0AEAB400645DC4 /* calculatorTests */,
				531FD77C1D0AEAB400645DC4 /* calculatorUITests */,
				531FD75B1D0AEAB400645DC4 /* Products */,
			);
			sourceTree = "<group>";
		};
		531FD75B1D0AEAB400645DC4 /* Products */ = {
			isa = PBXGroup;
			children = (
				531FD75A1D0AEAB400645DC4 /* calculator.app */,
				531FD76E1D0AEAB400645DC4 /* calculatorTests.xctest */,
				531FD7791D0AEAB400645DC4 /* calculatorUITests.xctest */,
			);
			name = Products;
			sourceTree = "<group>";
		};
		531FD75C1D0AEAB400645DC4 /* calculator */ = {
			isa = PBXGroup;
			children = (
				531FD75D1D0AEAB400645DC4 /* AppDelegate.swift */,
				531FD75F1D0AEAB400645DC4 /* ViewController.swift */,
				531FD78B1D0AF2A200645DC4 /* CalculatorBrain.swift */,
				531FD7611D0AEAB400645DC4 /* Main.storyboard */,
				531FD7641D0AEAB400645DC4 /* Assets.xcassets */,
				531FD7661D0AEAB400645DC4 /* LaunchScreen.storyboard */,
				531FD7691D0AEAB400645DC4 /* Info.plist */,
			);
			path = calculator;
			sourceTree = "<group>";
		};
		531FD7711D0AEAB400645DC4 /* calculatorTests */ = {
			isa = PBXGroup;
			children = (
				531FD7721D0AEAB400645DC4 /* calculatorTests.swift */,
				531FD7741D0AEAB400645DC4 /* Info.plist */,
			);
			path = calculatorTests;
			sourceTree = "<group>";
		};
		531FD77C1D0AEAB400645DC4 /* calculatorUITests */ = {
			isa = PBXGroup;
			children = (
				531FD77D1D0AEAB400645DC4 /* calculatorUITests.swift */,
				531FD77F1D0AEAB400645DC4 /* Info.plist */,
			);
			path = calculatorUITests;
			sourceTree = "<group>";
		};
/* End PBXGroup section */

/* Begin PBXNativeTarget section */
		531FD7591D0AEAB400645DC4 /* calculator */ = {
			isa = PBXNativeTarget;
			buildConfigurationList = 531FD7821D0AEAB400645DC4 /* Build configuration list for PBXNativeTarget "calculator" */;
			buildPhases = (
				531FD7561D0AEAB400645DC4 /* Sources */,
				531FD7571D0AEAB400645DC4 /* Frameworks */,
				531FD7581D0AEAB400645DC4 /* Resources */,
			);
			buildRules = (
			);
			dependencies = (
			);
			name = calculator;
			productName = calculator;
			productReference = 531FD75A1D0AEAB400645DC4 /* calculator.app */;
			productType = "com.apple.product-type.application";
		};
		531FD76D1D0AEAB400645DC4 /* calculatorTests */ = {
			isa = PBXNativeTarget;
			buildConfigurationList = 531FD7851D0AEAB400645DC4 /* Build configuration list for PBXNativeTarget "calculatorTests" */;
			buildPhases = (
				531FD76A1D0AEAB400645DC4 /* Sources */,
				531FD76B1D0AEAB400645DC4 /* Frameworks */,
				531FD76C1D0AEAB400645DC4 /* Resources */,
			);
			buildRules = (
			);
			dependencies = (
				531FD7701D0AEAB400645DC4 /* PBXTargetDependency */,
			);
			name = calculatorTests;
			productName = calculatorTests;
			productReference = 531FD76E1D0AEAB400645DC4 /* calculatorTests.xctest */;
			productType = "com.apple.product-type.bundle.unit-test";
		};
		531FD7781D0AEAB400645DC4 /* calculatorUITests */ = {
			isa = PBXNativeTarget;
			buildConfigurationList = 531FD7881D0AEAB400645DC4 /* Build configuration list for PBXNativeTarget "calculatorUITests" */;
			buildPhases = (
				531FD7751D0AEAB400645DC4 /* Sources */,
				531FD7761D0AEAB400645DC4 /* Frameworks */,
				531FD7771D0AEAB400645DC4 /* Resources */,
			);
			buildRules = (
			);
			dependencies = (
				531FD77B1D0AEAB400645DC4 /* PBXTargetDependency */,
			);
			name = calculatorUITests;
			productName = calculatorUITests;
			productReference = 531FD7791D0AEAB400645DC4 /* calculatorUITests.xctest */;
			productType = "com.apple.product-type.bundle.ui-testing";
		};
/* End PBXNativeTarget section */

/* Begin PBXProject section */
		531FD7521D0AEAB400645DC4 /* Project object */ = {
			isa = PBXProject;
			attributes = {
				LastSwiftUpdateCheck = 0730;
				LastUpgradeCheck = 0730;
				ORGANIZATIONNAME = "Xingan Wang";
				TargetAttributes = {
					531FD7591D0AEAB400645DC4 = {
						CreatedOnToolsVersion = 7.3.1;
						DevelopmentTeam = 4K2JB5Z92M;
					};
					531FD76D1D0AEAB400645DC4 = {
						CreatedOnToolsVersion = 7.3.1;
						TestTargetID = 531FD7591D0AEAB400645DC4;
					};
					531FD7781D0AEAB400645DC4 = {
						CreatedOnToolsVersion = 7.3.1;
						TestTargetID = 531FD7591D0AEAB400645DC4;
					};
				};
			};
			buildConfigurationList = 531FD7551D0AEAB400645DC4 /* Build configuration list for PBXProject "calculator" */;
			compatibilityVersion = "Xcode 3.2";
			developmentRegion = English;
			hasScannedForEncodings = 0;
			knownRegions = (
				en,
				Base,
			);
			mainGroup = 531FD7511D0AEAB400645DC4;
			productRefGroup = 531FD75B1D0AEAB400645DC4 /* Products */;
			projectDirPath = "";
			projectRoot = "";
			targets = (
				531FD7591D0AEAB400645DC4 /* calculator */,
				531FD76D1D0AEAB400645DC4 /* calculatorTests */,
				531FD7781D0AEAB400645DC4 /* calculatorUITests */,
			);
		};
/* End PBXProject section */

/* Begin PBXResourcesBuildPhase section */
		531FD7581D0AEAB400645DC4 /* Resources */ = {
			isa = PBXResourcesBuildPhase;
			buildActionMask = 2147483647;
			files = (
				531FD7681D0AEAB400645DC4 /* LaunchScreen.storyboard in Resources */,
				531FD7651D0AEAB400645DC4 /* Assets.xcassets in Resources */,
				531FD7631D0AEAB400645DC4 /* Main.storyboard in Resources */,
			);
			runOnlyForDeploymentPostprocessing = 0;
		};
		531FD76C1D0AEAB400645DC4 /* Resources */ = {
			isa = PBXResourcesBuildPhase;
			buildActionMask = 2147483647;
			files = (
			);
			runOnlyForDeploymentPostprocessing = 0;
		};
		531FD7771D0AEAB400645DC4 /* Resources */ = {
			isa = PBXResourcesBuildPhase;
			buildActionMask = 2147483647;
			files = (
			);
			runOnlyForDeploymentPostprocessing = 0;
		};
/* End PBXResourcesBuildPhase section */

/* Begin PBXSourcesBuildPhase section */
		531FD7561D0AEAB400645DC4 /* Sources */ = {
			isa = PBXSourcesBuildPhase;
			buildActionMask = 2147483647;
			files = (
				531FD78C1D0AF2A200645DC4 /* CalculatorBrain.swift in Sources */,
				531FD7601D0AEAB400645DC4 /* ViewController.swift in Sources */,
				531FD75E1D0AEAB400645DC4 /* AppDelegate.swift in Sources */,
			);
			runOnlyForDeploymentPostprocessing = 0;
		};
		531FD76A1D0AEAB400645DC4 /* Sources */ = {
			isa = PBXSourcesBuildPhase;
			buildActionMask = 2147483647;
			files = (
				531FD7731D0AEAB400645DC4 /* calculatorTests.swift in Sources */,
			);
			runOnlyForDeploymentPostprocessing = 0;
		};
		531FD7751D0AEAB400645DC4 /* Sources */ = {
			isa = PBXSourcesBuildPhase;
			buildActionMask = 2147483647;
			files = (
				531FD77E1D0AEAB400645DC4 /* calculatorUITests.swift in Sources */,
			);
			runOnlyForDeploymentPostprocessing = 0;
		};
/* End PBXSourcesBuildPhase section */

/* Begin PBXTargetDependency section */
		531FD7701D0AEAB400645DC4 /* PBXTargetDependency */ = {
			isa = PBXTargetDependency;
			target = 531FD7591D0AEAB400645DC4 /* calculator */;
			targetProxy = 531FD76F1D0AEAB400645DC4 /* PBXContainerItemProxy */;
		};
		531FD77B1D0AEAB400645DC4 /* PBXTargetDependency */ = {
			isa = PBXTargetDependency;
			target = 531FD7591D0AEAB400645DC4 /* calculator */;
			targetProxy = 531FD77A1D0AEAB400645DC4 /* PBXContainerItemProxy */;
		};
/* End PBXTargetDependency section */

/* Begin PBXVariantGroup section */
		531FD7611D0AEAB400645DC4 /* Main.storyboard */ = {
			isa = PBXVariantGroup;
			children = (
				531FD7621D0AEAB400645DC4 /* Base */,
			);
			name = Main.storyboard;
			sourceTree = "<group>";
		};
		531FD7661D0AEAB400645DC4 /* LaunchScreen.storyboard */ = {
			isa = PBXVariantGroup;
			children = (
				531FD7671D0AEAB400645DC4 /* Base */,
			);
			name = LaunchScreen.storyboard;
			sourceTree = "<group>";
		};
/* End PBXVariantGroup section */

/* Begin XCBuildConfiguration section */
		531FD7801D0AEAB400645DC4 /* Debug */ = {
			isa = XCBuildConfiguration;
			buildSettings = {
				ALWAYS_SEARCH_USER_PATHS = NO;
				CLANG_ANALYZER_NONNULL = YES;
				CLANG_CXX_LANGUAGE_STANDARD = "gnu++0x";
				CLANG_CXX_LIBRARY = "libc++";
				CLANG_ENABLE_MODULES = YES;
				CLANG_ENABLE_OBJC_ARC = YES;
				CLANG_WARN_BOOL_CONVERSION = YES;
				CLANG_WARN_CONSTANT_CONVERSION = YES;
				CLANG_WARN_DIRECT_OBJC_ISA_USAGE = YES_ERROR;
				CLANG_WARN_EMPTY_BODY = YES;
				CLANG_WARN_ENUM_CONVERSION = YES;
				CLANG_WARN_INT_CONVERSION = YES;
				CLANG_WARN_OBJC_ROOT_CLASS = YES_ERROR;
				CLANG_WARN_UNREACHABLE_CODE = YES;
				CLANG_WARN__DUPLICATE_METHOD_MATCH = YES;
				"CODE_SIGN_IDENTITY[sdk=iphoneos*]" = "iPhone Developer";
				COPY_PHASE_STRIP = NO;
				DEBUG_INFORMATION_FORMAT = dwarf;
				ENABLE_STRICT_OBJC_MSGSEND = YES;
				ENABLE_TESTABILITY = YES;
				GCC_C_LANGUAGE_STANDARD = gnu99;
				GCC_DYNAMIC_NO_PIC = NO;
				GCC_NO_COMMON_BLOCKS = YES;
				GCC_OPTIMIZATION_LEVEL = 0;
				GCC_PREPROCESSOR_DEFINITIONS = (
					"DEBUG=1",
					"$(inherited)",
				);
				GCC_WARN_64_TO_32_BIT_CONVERSION = YES;
				GCC_WARN_ABOUT_RETURN_TYPE = YES_ERROR;
				GCC_WARN_UNDECLARED_SELECTOR = YES;
				GCC_WARN_UNINITIALIZED_AUTOS = YES_AGGRESSIVE;
				GCC_WARN_UNUSED_FUNCTION = YES;
				GCC_WARN_UNUSED_VARIABLE = YES;
				IPHONEOS_DEPLOYMENT_TARGET = 9.3;
				MTL_ENABLE_DEBUG_INFO = YES;
				ONLY_ACTIVE_ARCH = YES;
				SDKROOT = iphoneos;
				SWIFT_OPTIMIZATION_LEVEL = "-Onone";
				TARGETED_DEVICE_FAMILY = "1,2";
			};
			name = Debug;
		};
		531FD7811D0AEAB400645DC4 /* Release */ = {
			isa = XCBuildConfiguration;
			buildSettings = {
				ALWAYS_SEARCH_USER_PATHS = NO;
				CLANG_ANALYZER_NONNULL = YES;
				CLANG_CXX_LANGUAGE_STANDARD = "gnu++0x";
				CLANG_CXX_LIBRARY = "libc++";
				CLANG_ENABLE_MODULES = YES;
				CLANG_ENABLE_OBJC_ARC = YES;
				CLANG_WARN_BOOL_CONVERSION = YES;
				CLANG_WARN_CONSTANT_CONVERSION = YES;
				CLANG_WARN_DIRECT_OBJC_ISA_USAGE = YES_ERROR;
				CLANG_WARN_EMPTY_BODY = YES;
				CLANG_WARN_ENUM_CONVERSION = YES;
				CLANG_WARN_INT_CONVERSION = YES;
				CLANG_WARN_OBJC_ROOT_CLASS = YES_ERROR;
				CLANG_WARN_UNREACHABLE_CODE = YES;
				CLANG_WARN__DUPLICATE_METHOD_MATCH = YES;
				"CODE_SIGN_IDENTITY[sdk=iphoneos*]" = "iPhone Developer";
				COPY_PHASE_STRIP = NO;
				DEBUG_INFORMATION_FORMAT = "dwarf-with-dsym";
				ENABLE_NS_ASSERTIONS = NO;
				ENABLE_STRICT_OBJC_MSGSEND = YES;
				GCC_C_LANGUAGE_STANDARD = gnu99;
				GCC_NO_COMMON_BLOCKS = YES;
				GCC_WARN_64_TO_32_BIT_CONVERSION = YES;
				GCC_WARN_ABOUT_RETURN_TYPE = YES_ERROR;
				GCC_WARN_UNDECLARED_SELECTOR = YES;
				GCC_WARN_UNINITIALIZED_AUTOS = YES_AGGRESSIVE;
				GCC_WARN_UNUSED_FUNCTION = YES;
				GCC_WARN_UNUSED_VARIABLE = YES;
				IPHONEOS_DEPLOYMENT_TARGET = 9.3;
				MTL_ENABLE_DEBUG_INFO = NO;
				SDKROOT = iphoneos;
				TARGETED_DEVICE_FAMILY = "1,2";
				VALIDATE_PRODUCT = YES;
			};
			name = Release;
		};
		531FD7831D0AEAB400645DC4 /* Debug */ = {
			isa = XCBuildConfiguration;
			buildSettings = {
				ASSETCATALOG_COMPILER_APPICON_NAME = AppIcon;
				CODE_SIGN_IDENTITY = "iPhone Developer";
				"CODE_SIGN_IDENTITY[sdk=iphoneos*]" = "iPhone Developer";
				INFOPLIST_FILE = calculator/Info.plist;
				LD_RUNPATH_SEARCH_PATHS = "$(inherited) @executable_path/Frameworks";
				PRODUCT_BUNDLE_IDENTIFIER = org.xgwang.calculator;
				PRODUCT_NAME = "$(TARGET_NAME)";
				PROVISIONING_PROFILE = "";
			};
			name = Debug;
		};
		531FD7841D0AEAB400645DC4 /* Release */ = {
			isa = XCBuildConfiguration;
			buildSettings = {
				ASSETCATALOG_COMPILER_APPICON_NAME = AppIcon;
				CODE_SIGN_IDENTITY = "iPhone Developer";
				"CODE_SIGN_IDENTITY[sdk=iphoneos*]" = "iPhone Developer";
				INFOPLIST_FILE = calculator/Info.plist;
				LD_RUNPATH_SEARCH_PATHS = "$(inherited) @executable_path/Frameworks";
				PRODUCT_BUNDLE_IDENTIFIER = org.xgwang.calculator;
				PRODUCT_NAME = "$(TARGET_NAME)";
				PROVISIONING_PROFILE = "";
			};
			name = Release;
		};
		531FD7861D0AEAB400645DC4 /* Debug */ = {
			isa = XCBuildConfiguration;
			buildSettings = {
				BUNDLE_LOADER = "$(TEST_HOST)";
				INFOPLIST_FILE = calculatorTests/Info.plist;
				LD_RUNPATH_SEARCH_PATHS = "$(inherited) @executable_path/Frameworks @loader_path/Frameworks";
				PRODUCT_BUNDLE_IDENTIFIER = org.xgwang.calculatorTests;
				PRODUCT_NAME = "$(TARGET_NAME)";
				TEST_HOST = "$(BUILT_PRODUCTS_DIR)/calculator.app/calculator";
			};
			name = Debug;
		};
		531FD7871D0AEAB400645DC4 /* Release */ = {
			isa = XCBuildConfiguration;
			buildSettings = {
				BUNDLE_LOADER = "$(TEST_HOST)";
				INFOPLIST_FILE = calculatorTests/Info.plist;
				LD_RUNPATH_SEARCH_PATHS = "$(inherited) @executable_path/Frameworks @loader_path/Frameworks";
				PRODUCT_BUNDLE_IDENTIFIER = org.xgwang.calculatorTests;
				PRODUCT_NAME = "$(TARGET_NAME)";
				TEST_HOST = "$(BUILT_PRODUCTS_DIR)/calculator.app/calculator";
			};
			name = Release;
		};
		531FD7891D0AEAB400645DC4 /* Debug */ = {
			isa = XCBuildConfiguration;
			buildSettings = {
				INFOPLIST_FILE = calculatorUITests/Info.plist;
				LD_RUNPATH_SEARCH_PATHS = "$(inherited) @executable_path/Frameworks @loader_path/Frameworks";
				PRODUCT_BUNDLE_IDENTIFIER = org.xgwang.calculatorUITests;
				PRODUCT_NAME = "$(TARGET_NAME)";
				TEST_TARGET_NAME = calculator;
			};
			name = Debug;
		};
		531FD78A1D0AEAB400645DC4 /* Release */ = {
			isa = XCBuildConfiguration;
			buildSettings = {
				INFOPLIST_FILE = calculatorUITests/Info.plist;
				LD_RUNPATH_SEARCH_PATHS = "$(inherited) @executable_path/Frameworks @loader_path/Frameworks";
				PRODUCT_BUNDLE_IDENTIFIER = org.xgwang.calculatorUITests;
				PRODUCT_NAME = "$(TARGET_NAME)";
				TEST_TARGET_NAME = calculator;
			};
			name = Release;
		};
/* End XCBuildConfiguration section */

/* Begin XCConfigurationList section */
		531FD7551D0AEAB400645DC4 /* Build configuration list for PBXProject "calculator" */ = {
			isa = XCConfigurationList;
			buildConfigurations = (
				531FD7801D0AEAB400645DC4 /* Debug */,
				531FD7811D0AEAB400645DC4 /* Release */,
			);
			defaultConfigurationIsVisible = 0;
			defaultConfigurationName = Release;
		};
		531FD7821D0AEAB400645DC4 /* Build configuration list for PBXNativeTarget "calculator" */ = {
			isa = XCConfigurationList;
			buildConfigurations = (
				531FD7831D0AEAB400645DC4 /* Debug */,
				531FD7841D0AEAB400645DC4 /* Release */,
			);
			defaultConfigurationIsVisible = 0;
		};
		531FD7851D0AEAB400645DC4 /* Build configuration list for PBXNativeTarget "calculatorTests" */ = {
			isa = XCConfigurationList;
			buildConfigurations = (
				531FD7861D0AEAB400645DC4 /* Debug */,
				531FD7871D0AEAB400645DC4 /* Release */,
			);
			defaultConfigurationIsVisible = 0;
		};
		531FD7881D0AEAB400645DC4 /* Build configuration list for PBXNativeTarget "calculatorUITests" */ = {
			isa = XCConfigurationList;
			buildConfigurations = (
				531FD7891D0AEAB400645DC4 /* Debug */,
				531FD78A1D0AEAB400645DC4 /* Release */,
			);
			defaultConfigurationIsVisible = 0;
		};
/* End XCConfigurationList section */
	};
	rootObject = 531FD7521D0AEAB400645DC4 /* Project object */;
}
